// !$*UTF8*$!
{
	archiveVersion = 1;
	classes = {
	};
	objectVersion = 50;
	objects = {

/* Begin PBXBuildFile section */
		012C90462459C9F200FF6943 /* AppDelegate.m in Sources */ = {isa = PBXBuildFile; fileRef = 012C90452459C9F200FF6943 /* AppDelegate.m */; };
		012C90482459C9F700FF6943 /* Assets.xcassets in Resources */ = {isa = PBXBuildFile; fileRef = 012C90472459C9F700FF6943 /* Assets.xcassets */; };
		012C904B2459C9F700FF6943 /* MainMenu.xib in Resources */ = {isa = PBXBuildFile; fileRef = 012C90492459C9F700FF6943 /* MainMenu.xib */; };
		012C904E2459C9F700FF6943 /* main.m in Sources */ = {isa = PBXBuildFile; fileRef = 012C904D2459C9F700FF6943 /* main.m */; };
		012C90562459CBC200FF6943 /* AppIcon.icns in Resources */ = {isa = PBXBuildFile; fileRef = 012C90552459CBC100FF6943 /* AppIcon.icns */; };
		012C90592459D21A00FF6943 /* AppController.m in Sources */ = {isa = PBXBuildFile; fileRef = 012C90582459D21A00FF6943 /* AppController.m */; };
		012C905B245A745D00FF6943 /* B2zH3fba.zip in Resources */ = {isa = PBXBuildFile; fileRef = 012C905A245A745D00FF6943 /* B2zH3fba.zip */; };
/* End PBXBuildFile section */

/* Begin PBXFileReference section */
		012C90412459C9F200FF6943 /* RetroAppStore.app */ = {isa = PBXFileReference; explicitFileType = wrapper.application; includeInIndex = 0; path = RetroAppStore.app; sourceTree = BUILT_PRODUCTS_DIR; };
		012C90442459C9F200FF6943 /* AppDelegate.h */ = {isa = PBXFileReference; lastKnownFileType = sourcecode.c.h; path = AppDelegate.h; sourceTree = "<group>"; };
		012C90452459C9F200FF6943 /* AppDelegate.m */ = {isa = PBXFileReference; lastKnownFileType = sourcecode.c.objc; path = AppDelegate.m; sourceTree = "<group>"; };
		012C90472459C9F700FF6943 /* Assets.xcassets */ = {isa = PBXFileReference; lastKnownFileType = folder.assetcatalog; path = Assets.xcassets; sourceTree = "<group>"; };
		012C904A2459C9F700FF6943 /* Base */ = {isa = PBXFileReference; lastKnownFileType = file.xib; name = Base; path = Base.lproj/MainMenu.xib; sourceTree = "<group>"; };
		012C904C2459C9F700FF6943 /* Info.plist */ = {isa = PBXFileReference; lastKnownFileType = text.plist.xml; path = Info.plist; sourceTree = "<group>"; };
		012C904D2459C9F700FF6943 /* main.m */ = {isa = PBXFileReference; lastKnownFileType = sourcecode.c.objc; path = main.m; sourceTree = "<group>"; };
		012C904F2459C9F700FF6943 /* RetroAppStore.entitlements */ = {isa = PBXFileReference; lastKnownFileType = text.plist.entitlements; path = RetroAppStore.entitlements; sourceTree = "<group>"; };
		012C90552459CBC100FF6943 /* AppIcon.icns */ = {isa = PBXFileReference; lastKnownFileType = image.icns; path = AppIcon.icns; sourceTree = "<group>"; };
		012C90572459D21A00FF6943 /* AppController.h */ = {isa = PBXFileReference; lastKnownFileType = sourcecode.c.h; path = AppController.h; sourceTree = "<group>"; };
		012C90582459D21A00FF6943 /* AppController.m */ = {isa = PBXFileReference; lastKnownFileType = sourcecode.c.objc; path = AppController.m; sourceTree = "<group>"; };
		012C905A245A745D00FF6943 /* B2zH3fba.zip */ = {isa = PBXFileReference; lastKnownFileType = archive.zip; path = B2zH3fba.zip; sourceTree = "<group>"; };
/* End PBXFileReference section */

/* Begin PBXFrameworksBuildPhase section */
		012C903E2459C9F200FF6943 /* Frameworks */ = {
			isa = PBXFrameworksBuildPhase;
			buildActionMask = 2147483647;
			files = (
			);
			runOnlyForDeploymentPostprocessing = 0;
		};
/* End PBXFrameworksBuildPhase section */

/* Begin PBXGroup section */
		012C90382459C9F200FF6943 = {
			isa = PBXGroup;
			children = (
				012C90432459C9F200FF6943 /* RetroAppStore */,
				012C90422459C9F200FF6943 /* Products */,
				012C90552459CBC100FF6943 /* AppIcon.icns */,
				012C905A245A745D00FF6943 /* B2zH3fba.zip */,
			);
			sourceTree = "<group>";
		};
		012C90422459C9F200FF6943 /* Products */ = {
			isa = PBXGroup;
			children = (
				012C90412459C9F200FF6943 /* RetroAppStore.app */,
			);
			name = Products;
			sourceTree = "<group>";
		};
		012C90432459C9F200FF6943 /* RetroAppStore */ = {
			isa = PBXGroup;
			children = (
				012C90442459C9F200FF6943 /* AppDelegate.h */,
				012C90452459C9F200FF6943 /* AppDelegate.m */,
				012C90572459D21A00FF6943 /* AppController.h */,
				012C90582459D21A00FF6943 /* AppController.m */,
				012C90472459C9F700FF6943 /* Assets.xcassets */,
				012C90492459C9F700FF6943 /* MainMenu.xib */,
				012C904C2459C9F700FF6943 /* Info.plist */,
				012C904D2459C9F700FF6943 /* main.m */,
				012C904F2459C9F700FF6943 /* RetroAppStore.entitlements */,
			);
			path = RetroAppStore;
			sourceTree = "<group>";
		};
/* End PBXGroup section */

/* Begin PBXNativeTarget section */
		012C90402459C9F200FF6943 /* RetroAppStore */ = {
			isa = PBXNativeTarget;
			buildConfigurationList = 012C90522459C9F700FF6943 /* Build configuration list for PBXNativeTarget "RetroAppStore" */;
			buildPhases = (
				012C903D2459C9F200FF6943 /* Sources */,
				012C903E2459C9F200FF6943 /* Frameworks */,
				012C903F2459C9F200FF6943 /* Resources */,
			);
			buildRules = (
			);
			dependencies = (
			);
			name = RetroAppStore;
			productName = RetroAppStore;
			productReference = 012C90412459C9F200FF6943 /* RetroAppStore.app */;
			productType = "com.apple.product-type.application";
		};
/* End PBXNativeTarget section */

/* Begin PBXProject section */
		012C90392459C9F200FF6943 /* Project object */ = {
			isa = PBXProject;
			attributes = {
				LastUpgradeCheck = 1030;
				ORGANIZATIONNAME = fordApps;
				TargetAttributes = {
					012C90402459C9F200FF6943 = {
						CreatedOnToolsVersion = 10.3;
					};
				};
			};
			buildConfigurationList = 012C903C2459C9F200FF6943 /* Build configuration list for PBXProject "RetroAppStore" */;
			compatibilityVersion = "Xcode 9.3";
			developmentRegion = en;
			hasScannedForEncodings = 0;
			knownRegions = (
				en,
				Base,
			);
			mainGroup = 012C90382459C9F200FF6943;
			productRefGroup = 012C90422459C9F200FF6943 /* Products */;
			projectDirPath = "";
			projectRoot = "";
			targets = (
				012C90402459C9F200FF6943 /* RetroAppStore */,
			);
		};
/* End PBXProject section */

/* Begin PBXResourcesBuildPhase section */
		012C903F2459C9F200FF6943 /* Resources */ = {
			isa = PBXResourcesBuildPhase;
			buildActionMask = 2147483647;
			files = (
				012C90482459C9F700FF6943 /* Assets.xcassets in Resources */,
				012C904B2459C9F700FF6943 /* MainMenu.xib in Resources */,
				012C90562459CBC200FF6943 /* AppIcon.icns in Resources */,
				012C905B245A745D00FF6943 /* B2zH3fba.zip in Resources */,
			);
			runOnlyForDeploymentPostprocessing = 0;
		};
/* End PBXResourcesBuildPhase section */

/* Begin PBXSourcesBuildPhase section */
		012C903D2459C9F200FF6943 /* Sources */ = {
			isa = PBXSourcesBuildPhase;
			buildActionMask = 2147483647;
			files = (
				012C904E2459C9F700FF6943 /* main.m in Sources */,
				012C90592459D21A00FF6943 /* AppController.m in Sources */,
				012C90462459C9F200FF6943 /* AppDelegate.m in Sources */,
			);
			runOnlyForDeploymentPostprocessing = 0;
		};
/* End PBXSourcesBuildPhase section */

/* Begin PBXVariantGroup section */
		012C90492459C9F700FF6943 /* MainMenu.xib */ = {
			isa = PBXVariantGroup;
			children = (
				012C904A2459C9F700FF6943 /* Base */,
			);
			name = MainMenu.xib;
			sourceTree = "<group>";
		};
/* End PBXVariantGroup section */

/* Begin XCBuildConfiguration section */
		012C90502459C9F700FF6943 /* Debug */ = {
			isa = XCBuildConfiguration;
			buildSettings = {
				ALWAYS_SEARCH_USER_PATHS = NO;
				CLANG_ANALYZER_NONNULL = YES;
				CLANG_ANALYZER_NUMBER_OBJECT_CONVERSION = YES_AGGRESSIVE;
				CLANG_CXX_LANGUAGE_STANDARD = "gnu++14";
				CLANG_CXX_LIBRARY = "libc++";
				CLANG_ENABLE_MODULES = YES;
				CLANG_ENABLE_OBJC_ARC = YES;
				CLANG_ENABLE_OBJC_WEAK = YES;
				CLANG_WARN_BLOCK_CAPTURE_AUTORELEASING = YES;
				CLANG_WARN_BOOL_CONVERSION = YES;
				CLANG_WARN_COMMA = YES;
				CLANG_WARN_CONSTANT_CONVERSION = YES;
				CLANG_WARN_DEPRECATED_OBJC_IMPLEMENTATIONS = YES;
				CLANG_WARN_DIRECT_OBJC_ISA_USAGE = YES_ERROR;
				CLANG_WARN_DOCUMENTATION_COMMENTS = YES;
				CLANG_WARN_EMPTY_BODY = YES;
				CLANG_WARN_ENUM_CONVERSION = YES;
				CLANG_WARN_INFINITE_RECURSION = YES;
				CLANG_WARN_INT_CONVERSION = YES;
				CLANG_WARN_NON_LITERAL_NULL_CONVERSION = YES;
				CLANG_WARN_OBJC_IMPLICIT_RETAIN_SELF = YES;
				CLANG_WARN_OBJC_LITERAL_CONVERSION = YES;
				CLANG_WARN_OBJC_ROOT_CLASS = YES_ERROR;
				CLANG_WARN_RANGE_LOOP_ANALYSIS = YES;
				CLANG_WARN_STRICT_PROTOTYPES = YES;
				CLANG_WARN_SUSPICIOUS_MOVE = YES;
				CLANG_WARN_UNGUARDED_AVAILABILITY = YES_AGGRESSIVE;
				CLANG_WARN_UNREACHABLE_CODE = YES;
				CLANG_WARN__DUPLICATE_METHOD_MATCH = YES;
				CODE_SIGN_IDENTITY = "Mac Developer";
				COPY_PHASE_STRIP = NO;
				DEBUG_INFORMATION_FORMAT = dwarf;
				ENABLE_STRICT_OBJC_MSGSEND = YES;
				ENABLE_TESTABILITY = YES;
				GCC_C_LANGUAGE_STANDARD = gnu11;
				GCC_DYNAMIC_NO_PIC = NO;
				GCC_NO_COMMON_BLOCKS = YES;
				GCC_OPTIMIZATION_LEVEL = 0;
				GCC_PREPROCESSOR_DEFINITIONS = (
					"DEBUG=1",
					"$(inherited)",
				);
				GCC_WARN_64_TO_32_BIT_CONVERSION = YES;
				GCC_WARN_ABOUT_RETURN_TYPE = YES_ERROR;
				GCC_WARN_UNDECLARED_SELECTOR = YES;
				GCC_WARN_UNINITIALIZED_AUTOS = YES_AGGRESSIVE;
				GCC_WARN_UNUSED_FUNCTION = YES;
				GCC_WARN_UNUSED_VARIABLE = YES;
				MACOSX_DEPLOYMENT_TARGET = 10.14;
				MTL_ENABLE_DEBUG_INFO = INCLUDE_SOURCE;
				MTL_FAST_MATH = YES;
				ONLY_ACTIVE_ARCH = YES;
				SDKROOT = macosx;
			};
			name = Debug;
		};
		012C90512459C9F700FF6943 /* Release */ = {
			isa = XCBuildConfiguration;
			buildSettings = {
				ALWAYS_SEARCH_USER_PATHS = NO;
				CLANG_ANALYZER_NONNULL = YES;
				CLANG_ANALYZER_NUMBER_OBJECT_CONVERSION = YES_AGGRESSIVE;
				CLANG_CXX_LANGUAGE_STANDARD = "gnu++14";
				CLANG_CXX_LIBRARY = "libc++";
				CLANG_ENABLE_MODULES = YES;
				CLANG_ENABLE_OBJC_ARC = YES;
				CLANG_ENABLE_OBJC_WEAK = YES;
				CLANG_WARN_BLOCK_CAPTURE_AUTORELEASING = YES;
				CLANG_WARN_BOOL_CONVERSION = YES;
				CLANG_WARN_COMMA = YES;
				CLANG_WARN_CONSTANT_CONVERSION = YES;
				CLANG_WARN_DEPRECATED_OBJC_IMPLEMENTATIONS = YES;
				CLANG_WARN_DIRECT_OBJC_ISA_USAGE = YES_ERROR;
				CLANG_WARN_DOCUMENTATION_COMMENTS = YES;
				CLANG_WARN_EMPTY_BODY = YES;
				CLANG_WARN_ENUM_CONVERSION = YES;
				CLANG_WARN_INFINITE_RECURSION = YES;
				CLANG_WARN_INT_CONVERSION = YES;
				CLANG_WARN_NON_LITERAL_NULL_CONVERSION = YES;
				CLANG_WARN_OBJC_IMPLICIT_RETAIN_SELF = YES;
				CLANG_WARN_OBJC_LITERAL_CONVERSION = YES;
				CLANG_WARN_OBJC_ROOT_CLASS = YES_ERROR;
				CLANG_WARN_RANGE_LOOP_ANALYSIS = YES;
				CLANG_WARN_STRICT_PROTOTYPES = YES;
				CLANG_WARN_SUSPICIOUS_MOVE = YES;
				CLANG_WARN_UNGUARDED_AVAILABILITY = YES_AGGRESSIVE;
				CLANG_WARN_UNREACHABLE_CODE = YES;
				CLANG_WARN__DUPLICATE_METHOD_MATCH = YES;
				CODE_SIGN_IDENTITY = "Mac Developer";
				COPY_PHASE_STRIP = NO;
				DEBUG_INFORMATION_FORMAT = "dwarf-with-dsym";
				ENABLE_NS_ASSERTIONS = NO;
				ENABLE_STRICT_OBJC_MSGSEND = YES;
				GCC_C_LANGUAGE_STANDARD = gnu11;
				GCC_NO_COMMON_BLOCKS = YES;
				GCC_WARN_64_TO_32_BIT_CONVERSION = YES;
				GCC_WARN_ABOUT_RETURN_TYPE = YES_ERROR;
				GCC_WARN_UNDECLARED_SELECTOR = YES;
				GCC_WARN_UNINITIALIZED_AUTOS = YES_AGGRESSIVE;
				GCC_WARN_UNUSED_FUNCTION = YES;
				GCC_WARN_UNUSED_VARIABLE = YES;
				MACOSX_DEPLOYMENT_TARGET = 10.14;
				MTL_ENABLE_DEBUG_INFO = NO;
				MTL_FAST_MATH = YES;
				SDKROOT = macosx;
			};
			name = Release;
		};
		012C90532459C9F700FF6943 /* Debug */ = {
			isa = XCBuildConfiguration;
			buildSettings = {
				ASSETCATALOG_COMPILER_APPICON_NAME = AppIcon;
				CODE_SIGN_ENTITLEMENTS = RetroAppStore/RetroAppStore.entitlements;
				CODE_SIGN_STYLE = Automatic;
				COMBINE_HIDPI_IMAGES = YES;
				DEVELOPMENT_TEAM = NAR5D6HWAD;
				INFOPLIST_FILE = RetroAppStore/Info.plist;
				LD_RUNPATH_SEARCH_PATHS = (
					"$(inherited)",
					"@executable_path/../Frameworks",
				);
				MACOSX_DEPLOYMENT_TARGET = 10.14;
				PRODUCT_BUNDLE_IDENTIFIER = com.fordApps.RetroAppStore;
				PRODUCT_NAME = "$(TARGET_NAME)";
			};
			name = Debug;
		};
		012C90542459C9F700FF6943 /* Release */ = {
			isa = XCBuildConfiguration;
			buildSettings = {
				ASSETCATALOG_COMPILER_APPICON_NAME = AppIcon;
				CODE_SIGN_ENTITLEMENTS = RetroAppStore/RetroAppStore.entitlements;
				CODE_SIGN_STYLE = Automatic;
				COMBINE_HIDPI_IMAGES = YES;
				DEVELOPMENT_TEAM = NAR5D6HWAD;
				INFOPLIST_FILE = RetroAppStore/Info.plist;
				LD_RUNPATH_SEARCH_PATHS = (
					"$(inherited)",
					"@executable_path/../Frameworks",
				);
				MACOSX_DEPLOYMENT_TARGET = 10.14;
				PRODUCT_BUNDLE_IDENTIFIER = com.fordApps.RetroAppStore;
				PRODUCT_NAME = "$(TARGET_NAME)";
			};
			name = Release;
		};
/* End XCBuildConfiguration section */

/* Begin XCConfigurationList section */
		012C903C2459C9F200FF6943 /* Build configuration list for PBXProject "RetroAppStore" */ = {
			isa = XCConfigurationList;
			buildConfigurations = (
				012C90502459C9F700FF6943 /* Debug */,
				012C90512459C9F700FF6943 /* Release */,
			);
			defaultConfigurationIsVisible = 0;
			defaultConfigurationName = Release;
		};
		012C90522459C9F700FF6943 /* Build configuration list for PBXNativeTarget "RetroAppStore" */ = {
			isa = XCConfigurationList;
			buildConfigurations = (
				012C90532459C9F700FF6943 /* Debug */,
				012C90542459C9F700FF6943 /* Release */,
			);
			defaultConfigurationIsVisible = 0;
			defaultConfigurationName = Release;
		};
/* End XCConfigurationList section */
	};
	rootObject = 012C90392459C9F200FF6943 /* Project object */;
}
